// !$*UTF8*$!
{
	archiveVersion = 1;
	classes = {
	};
	objectVersion = 50;
	objects = {

/* Begin PBXBuildFile section */
		276408F324DD5E6F008C0B2E /* ToDoItemView.swift in Sources */ = {isa = PBXBuildFile; fileRef = 276408F224DD5E6F008C0B2E /* ToDoItemView.swift */; };
		27E97D6D24DD51EC00BE5EC1 /* AppDelegate.swift in Sources */ = {isa = PBXBuildFile; fileRef = 27E97D6C24DD51EC00BE5EC1 /* AppDelegate.swift */; };
		27E97D6F24DD51EC00BE5EC1 /* SceneDelegate.swift in Sources */ = {isa = PBXBuildFile; fileRef = 27E97D6E24DD51EC00BE5EC1 /* SceneDelegate.swift */; };
		27E97D7224DD51EC00BE5EC1 /* CoreDataToDo.xcdatamodeld in Sources */ = {isa = PBXBuildFile; fileRef = 27E97D7024DD51EC00BE5EC1 /* CoreDataToDo.xcdatamodeld */; };
		27E97D7424DD51EC00BE5EC1 /* ContentView.swift in Sources */ = {isa = PBXBuildFile; fileRef = 27E97D7324DD51EC00BE5EC1 /* ContentView.swift */; };
		27E97D7624DD51EE00BE5EC1 /* Assets.xcassets in Resources */ = {isa = PBXBuildFile; fileRef = 27E97D7524DD51EE00BE5EC1 /* Assets.xcassets */; };
		27E97D7924DD51EE00BE5EC1 /* Preview Assets.xcassets in Resources */ = {isa = PBXBuildFile; fileRef = 27E97D7824DD51EE00BE5EC1 /* Preview Assets.xcassets */; };
		27E97D7C24DD51EE00BE5EC1 /* LaunchScreen.storyboard in Resources */ = {isa = PBXBuildFile; fileRef = 27E97D7A24DD51EE00BE5EC1 /* LaunchScreen.storyboard */; };
		27E97D8424DD52C700BE5EC1 /* ToDoItem.swift in Sources */ = {isa = PBXBuildFile; fileRef = 27E97D8324DD52C700BE5EC1 /* ToDoItem.swift */; };
/* End PBXBuildFile section */

/* Begin PBXFileReference section */
		276408F224DD5E6F008C0B2E /* ToDoItemView.swift */ = {isa = PBXFileReference; lastKnownFileType = sourcecode.swift; path = ToDoItemView.swift; sourceTree = "<group>"; };
		27E97D6924DD51EC00BE5EC1 /* CoreDataToDo.app */ = {isa = PBXFileReference; explicitFileType = wrapper.application; includeInIndex = 0; path = CoreDataToDo.app; sourceTree = BUILT_PRODUCTS_DIR; };
		27E97D6C24DD51EC00BE5EC1 /* AppDelegate.swift */ = {isa = PBXFileReference; lastKnownFileType = sourcecode.swift; path = AppDelegate.swift; sourceTree = "<group>"; };
		27E97D6E24DD51EC00BE5EC1 /* SceneDelegate.swift */ = {isa = PBXFileReference; lastKnownFileType = sourcecode.swift; path = SceneDelegate.swift; sourceTree = "<group>"; };
		27E97D7124DD51EC00BE5EC1 /* CoreDataToDo.xcdatamodel */ = {isa = PBXFileReference; lastKnownFileType = wrapper.xcdatamodel; path = CoreDataToDo.xcdatamodel; sourceTree = "<group>"; };
		27E97D7324DD51EC00BE5EC1 /* ContentView.swift */ = {isa = PBXFileReference; lastKnownFileType = sourcecode.swift; path = ContentView.swift; sourceTree = "<group>"; };
		27E97D7524DD51EE00BE5EC1 /* Assets.xcassets */ = {isa = PBXFileReference; lastKnownFileType = folder.assetcatalog; path = Assets.xcassets; sourceTree = "<group>"; };
		27E97D7824DD51EE00BE5EC1 /* Preview Assets.xcassets */ = {isa = PBXFileReference; lastKnownFileType = folder.assetcatalog; path = "Preview Assets.xcassets"; sourceTree = "<group>"; };
		27E97D7B24DD51EE00BE5EC1 /* Base */ = {isa = PBXFileReference; lastKnownFileType = file.storyboard; name = Base; path = Base.lproj/LaunchScreen.storyboard; sourceTree = "<group>"; };
		27E97D7D24DD51EE00BE5EC1 /* Info.plist */ = {isa = PBXFileReference; lastKnownFileType = text.plist.xml; path = Info.plist; sourceTree = "<group>"; };
		27E97D8324DD52C700BE5EC1 /* ToDoItem.swift */ = {isa = PBXFileReference; lastKnownFileType = sourcecode.swift; path = ToDoItem.swift; sourceTree = "<group>"; };
/* End PBXFileReference section */

/* Begin PBXFrameworksBuildPhase section */
		27E97D6624DD51EC00BE5EC1 /* Frameworks */ = {
			isa = PBXFrameworksBuildPhase;
			buildActionMask = 2147483647;
			files = (
			);
			runOnlyForDeploymentPostprocessing = 0;
		};
/* End PBXFrameworksBuildPhase section */

/* Begin PBXGroup section */
		27E97D6024DD51EC00BE5EC1 = {
			isa = PBXGroup;
			children = (
				27E97D6B24DD51EC00BE5EC1 /* CoreDataToDo */,
				27E97D6A24DD51EC00BE5EC1 /* Products */,
			);
			sourceTree = "<group>";
		};
		27E97D6A24DD51EC00BE5EC1 /* Products */ = {
			isa = PBXGroup;
			children = (
				27E97D6924DD51EC00BE5EC1 /* CoreDataToDo.app */,
			);
			name = Products;
			sourceTree = "<group>";
		};
		27E97D6B24DD51EC00BE5EC1 /* CoreDataToDo */ = {
			isa = PBXGroup;
			children = (
				27E97D6C24DD51EC00BE5EC1 /* AppDelegate.swift */,
				27E97D6E24DD51EC00BE5EC1 /* SceneDelegate.swift */,
				27E97D7324DD51EC00BE5EC1 /* ContentView.swift */,
				276408F224DD5E6F008C0B2E /* ToDoItemView.swift */,
				27E97D8324DD52C700BE5EC1 /* ToDoItem.swift */,
				27E97D7524DD51EE00BE5EC1 /* Assets.xcassets */,
				27E97D7A24DD51EE00BE5EC1 /* LaunchScreen.storyboard */,
				27E97D7D24DD51EE00BE5EC1 /* Info.plist */,
				27E97D7024DD51EC00BE5EC1 /* CoreDataToDo.xcdatamodeld */,
				27E97D7724DD51EE00BE5EC1 /* Preview Content */,
			);
			path = CoreDataToDo;
			sourceTree = "<group>";
		};
		27E97D7724DD51EE00BE5EC1 /* Preview Content */ = {
			isa = PBXGroup;
			children = (
				27E97D7824DD51EE00BE5EC1 /* Preview Assets.xcassets */,
			);
			path = "Preview Content";
			sourceTree = "<group>";
		};
/* End PBXGroup section */

/* Begin PBXNativeTarget section */
		27E97D6824DD51EC00BE5EC1 /* CoreDataToDo */ = {
			isa = PBXNativeTarget;
			buildConfigurationList = 27E97D8024DD51EE00BE5EC1 /* Build configuration list for PBXNativeTarget "CoreDataToDo" */;
			buildPhases = (
				27E97D6524DD51EC00BE5EC1 /* Sources */,
				27E97D6624DD51EC00BE5EC1 /* Frameworks */,
				27E97D6724DD51EC00BE5EC1 /* Resources */,
			);
			buildRules = (
			);
			dependencies = (
			);
			name = CoreDataToDo;
			productName = CoreDataToDo;
			productReference = 27E97D6924DD51EC00BE5EC1 /* CoreDataToDo.app */;
			productType = "com.apple.product-type.application";
		};
/* End PBXNativeTarget section */

/* Begin PBXProject section */
		27E97D6124DD51EC00BE5EC1 /* Project object */ = {
			isa = PBXProject;
			attributes = {
				LastSwiftUpdateCheck = 1160;
				LastUpgradeCheck = 1160;
				ORGANIZATIONNAME = "Wong Ying Hei";
				TargetAttributes = {
					27E97D6824DD51EC00BE5EC1 = {
						CreatedOnToolsVersion = 11.6;
					};
				};
			};
			buildConfigurationList = 27E97D6424DD51EC00BE5EC1 /* Build configuration list for PBXProject "CoreDataToDo" */;
			compatibilityVersion = "Xcode 9.3";
			developmentRegion = en;
			hasScannedForEncodings = 0;
			knownRegions = (
				en,
				Base,
			);
			mainGroup = 27E97D6024DD51EC00BE5EC1;
			productRefGroup = 27E97D6A24DD51EC00BE5EC1 /* Products */;
			projectDirPath = "";
			projectRoot = "";
			targets = (
				27E97D6824DD51EC00BE5EC1 /* CoreDataToDo */,
			);
		};
/* End PBXProject section */

/* Begin PBXResourcesBuildPhase section */
		27E97D6724DD51EC00BE5EC1 /* Resources */ = {
			isa = PBXResourcesBuildPhase;
			buildActionMask = 2147483647;
			files = (
				27E97D7C24DD51EE00BE5EC1 /* LaunchScreen.storyboard in Resources */,
				27E97D7924DD51EE00BE5EC1 /* Preview Assets.xcassets in Resources */,
				27E97D7624DD51EE00BE5EC1 /* Assets.xcassets in Resources */,
			);
			runOnlyForDeploymentPostprocessing = 0;
		};
/* End PBXResourcesBuildPhase section */

/* Begin PBXSourcesBuildPhase section */
		27E97D6524DD51EC00BE5EC1 /* Sources */ = {
			isa = PBXSourcesBuildPhase;
			buildActionMask = 2147483647;
			files = (
				27E97D6D24DD51EC00BE5EC1 /* AppDelegate.swift in Sources */,
				276408F324DD5E6F008C0B2E /* ToDoItemView.swift in Sources */,
				27E97D6F24DD51EC00BE5EC1 /* SceneDelegate.swift in Sources */,
				27E97D8424DD52C700BE5EC1 /* ToDoItem.swift in Sources */,
				27E97D7424DD51EC00BE5EC1 /* ContentView.swift in Sources */,
				27E97D7224DD51EC00BE5EC1 /* CoreDataToDo.xcdatamodeld in Sources */,
			);
			runOnlyForDeploymentPostprocessing = 0;
		};
/* End PBXSourcesBuildPhase section */

/* Begin PBXVariantGroup section */
		27E97D7A24DD51EE00BE5EC1 /* LaunchScreen.storyboard */ = {
			isa = PBXVariantGroup;
			children = (
				27E97D7B24DD51EE00BE5EC1 /* Base */,
			);
			name = LaunchScreen.storyboard;
			sourceTree = "<group>";
		};
/* End PBXVariantGroup section */

/* Begin XCBuildConfiguration section */
		27E97D7E24DD51EE00BE5EC1 /* Debug */ = {
			isa = XCBuildConfiguration;
			buildSettings = {
				ALWAYS_SEARCH_USER_PATHS = NO;
				CLANG_ANALYZER_NONNULL = YES;
				CLANG_ANALYZER_NUMBER_OBJECT_CONVERSION = YES_AGGRESSIVE;
				CLANG_CXX_LANGUAGE_STANDARD = "gnu++14";
				CLANG_CXX_LIBRARY = "libc++";
				CLANG_ENABLE_MODULES = YES;
				CLANG_ENABLE_OBJC_ARC = YES;
				CLANG_ENABLE_OBJC_WEAK = YES;
				CLANG_WARN_BLOCK_CAPTURE_AUTORELEASING = YES;
				CLANG_WARN_BOOL_CONVERSION = YES;
				CLANG_WARN_COMMA = YES;
				CLANG_WARN_CONSTANT_CONVERSION = YES;
				CLANG_WARN_DEPRECATED_OBJC_IMPLEMENTATIONS = YES;
				CLANG_WARN_DIRECT_OBJC_ISA_USAGE = YES_ERROR;
				CLANG_WARN_DOCUMENTATION_COMMENTS = YES;
				CLANG_WARN_EMPTY_BODY = YES;
				CLANG_WARN_ENUM_CONVERSION = YES;
				CLANG_WARN_INFINITE_RECURSION = YES;
				CLANG_WARN_INT_CONVERSION = YES;
				CLANG_WARN_NON_LITERAL_NULL_CONVERSION = YES;
				CLANG_WARN_OBJC_IMPLICIT_RETAIN_SELF = YES;
				CLANG_WARN_OBJC_LITERAL_CONVERSION = YES;
				CLANG_WARN_OBJC_ROOT_CLASS = YES_ERROR;
				CLANG_WARN_RANGE_LOOP_ANALYSIS = YES;
				CLANG_WARN_STRICT_PROTOTYPES = YES;
				CLANG_WARN_SUSPICIOUS_MOVE = YES;
				CLANG_WARN_UNGUARDED_AVAILABILITY = YES_AGGRESSIVE;
				CLANG_WARN_UNREACHABLE_CODE = YES;
				CLANG_WARN__DUPLICATE_METHOD_MATCH = YES;
				COPY_PHASE_STRIP = NO;
				DEBUG_INFORMATION_FORMAT = dwarf;
				ENABLE_STRICT_OBJC_MSGSEND = YES;
				ENABLE_TESTABILITY = YES;
				GCC_C_LANGUAGE_STANDARD = gnu11;
				GCC_DYNAMIC_NO_PIC = NO;
				GCC_NO_COMMON_BLOCKS = YES;
				GCC_OPTIMIZATION_LEVEL = 0;
				GCC_PREPROCESSOR_DEFINITIONS = (
					"DEBUG=1",
					"$(inherited)",
				);
				GCC_WARN_64_TO_32_BIT_CONVERSION = YES;
				GCC_WARN_ABOUT_RETURN_TYPE = YES_ERROR;
				GCC_WARN_UNDECLARED_SELECTOR = YES;
				GCC_WARN_UNINITIALIZED_AUTOS = YES_AGGRESSIVE;
				GCC_WARN_UNUSED_FUNCTION = YES;
				GCC_WARN_UNUSED_VARIABLE = YES;
				IPHONEOS_DEPLOYMENT_TARGET = 13.6;
				MTL_ENABLE_DEBUG_INFO = INCLUDE_SOURCE;
				MTL_FAST_MATH = YES;
				ONLY_ACTIVE_ARCH = YES;
				SDKROOT = iphoneos;
				SWIFT_ACTIVE_COMPILATION_CONDITIONS = DEBUG;
				SWIFT_OPTIMIZATION_LEVEL = "-Onone";
			};
			name = Debug;
		};
		27E97D7F24DD51EE00BE5EC1 /* Release */ = {
			isa = XCBuildConfiguration;
			buildSettings = {
				ALWAYS_SEARCH_USER_PATHS = NO;
				CLANG_ANALYZER_NONNULL = YES;
				CLANG_ANALYZER_NUMBER_OBJECT_CONVERSION = YES_AGGRESSIVE;
				CLANG_CXX_LANGUAGE_STANDARD = "gnu++14";
				CLANG_CXX_LIBRARY = "libc++";
				CLANG_ENABLE_MODULES = YES;
				CLANG_ENABLE_OBJC_ARC = YES;
				CLANG_ENABLE_OBJC_WEAK = YES;
				CLANG_WARN_BLOCK_CAPTURE_AUTORELEASING = YES;
				CLANG_WARN_BOOL_CONVERSION = YES;
				CLANG_WARN_COMMA = YES;
				CLANG_WARN_CONSTANT_CONVERSION = YES;
				CLANG_WARN_DEPRECATED_OBJC_IMPLEMENTATIONS = YES;
				CLANG_WARN_DIRECT_OBJC_ISA_USAGE = YES_ERROR;
				CLANG_WARN_DOCUMENTATION_COMMENTS = YES;
				CLANG_WARN_EMPTY_BODY = YES;
				CLANG_WARN_ENUM_CONVERSION = YES;
				CLANG_WARN_INFINITE_RECURSION = YES;
				CLANG_WARN_INT_CONVERSION = YES;
				CLANG_WARN_NON_LITERAL_NULL_CONVERSION = YES;
				CLANG_WARN_OBJC_IMPLICIT_RETAIN_SELF = YES;
				CLANG_WARN_OBJC_LITERAL_CONVERSION = YES;
				CLANG_WARN_OBJC_ROOT_CLASS = YES_ERROR;
				CLANG_WARN_RANGE_LOOP_ANALYSIS = YES;
				CLANG_WARN_STRICT_PROTOTYPES = YES;
				CLANG_WARN_SUSPICIOUS_MOVE = YES;
				CLANG_WARN_UNGUARDED_AVAILABILITY = YES_AGGRESSIVE;
				CLANG_WARN_UNREACHABLE_CODE = YES;
				CLANG_WARN__DUPLICATE_METHOD_MATCH = YES;
				COPY_PHASE_STRIP = NO;
				DEBUG_INFORMATION_FORMAT = "dwarf-with-dsym";
				ENABLE_NS_ASSERTIONS = NO;
				ENABLE_STRICT_OBJC_MSGSEND = YES;
				GCC_C_LANGUAGE_STANDARD = gnu11;
				GCC_NO_COMMON_BLOCKS = YES;
				GCC_WARN_64_TO_32_BIT_CONVERSION = YES;
				GCC_WARN_ABOUT_RETURN_TYPE = YES_ERROR;
				GCC_WARN_UNDECLARED_SELECTOR = YES;
				GCC_WARN_UNINITIALIZED_AUTOS = YES_AGGRESSIVE;
				GCC_WARN_UNUSED_FUNCTION = YES;
				GCC_WARN_UNUSED_VARIABLE = YES;
				IPHONEOS_DEPLOYMENT_TARGET = 13.6;
				MTL_ENABLE_DEBUG_INFO = NO;
				MTL_FAST_MATH = YES;
				SDKROOT = iphoneos;
				SWIFT_COMPILATION_MODE = wholemodule;
				SWIFT_OPTIMIZATION_LEVEL = "-O";
				VALIDATE_PRODUCT = YES;
			};
			name = Release;
		};
		27E97D8124DD51EE00BE5EC1 /* Debug */ = {
			isa = XCBuildConfiguration;
			buildSettings = {
				ASSETCATALOG_COMPILER_APPICON_NAME = AppIcon;
				CODE_SIGN_STYLE = Automatic;
				DEVELOPMENT_ASSET_PATHS = "\"CoreDataToDo/Preview Content\"";
				ENABLE_PREVIEWS = YES;
				INFOPLIST_FILE = CoreDataToDo/Info.plist;
				LD_RUNPATH_SEARCH_PATHS = (
					"$(inherited)",
					"@executable_path/Frameworks",
				);
				PRODUCT_BUNDLE_IDENTIFIER = YingHei.CoreDataToDo;
				PRODUCT_NAME = "$(TARGET_NAME)";
				SWIFT_VERSION = 5.0;
				TARGETED_DEVICE_FAMILY = "1,2";
			};
			name = Debug;
		};
		27E97D8224DD51EE00BE5EC1 /* Release */ = {
			isa = XCBuildConfiguration;
			buildSettings = {
				ASSETCATALOG_COMPILER_APPICON_NAME = AppIcon;
				CODE_SIGN_STYLE = Automatic;
				DEVELOPMENT_ASSET_PATHS = "\"CoreDataToDo/Preview Content\"";
				ENABLE_PREVIEWS = YES;
				INFOPLIST_FILE = CoreDataToDo/Info.plist;
				LD_RUNPATH_SEARCH_PATHS = (
					"$(inherited)",
					"@executable_path/Frameworks",
				);
				PRODUCT_BUNDLE_IDENTIFIER = YingHei.CoreDataToDo;
				PRODUCT_NAME = "$(TARGET_NAME)";
				SWIFT_VERSION = 5.0;
				TARGETED_DEVICE_FAMILY = "1,2";
			};
			name = Release;
		};
/* End XCBuildConfiguration section */

/* Begin XCConfigurationList section */
		27E97D6424DD51EC00BE5EC1 /* Build configuration list for PBXProject "CoreDataToDo" */ = {
			isa = XCConfigurationList;
			buildConfigurations = (
				27E97D7E24DD51EE00BE5EC1 /* Debug */,
				27E97D7F24DD51EE00BE5EC1 /* Release */,
			);
			defaultConfigurationIsVisible = 0;
			defaultConfigurationName = Release;
		};
		27E97D8024DD51EE00BE5EC1 /* Build configuration list for PBXNativeTarget "CoreDataToDo" */ = {
			isa = XCConfigurationList;
			buildConfigurations = (
				27E97D8124DD51EE00BE5EC1 /* Debug */,
				27E97D8224DD51EE00BE5EC1 /* Release */,
			);
			defaultConfigurationIsVisible = 0;
			defaultConfigurationName = Release;
		};
/* End XCConfigurationList section */

/* Begin XCVersionGroup section */
		27E97D7024DD51EC00BE5EC1 /* CoreDataToDo.xcdatamodeld */ = {
			isa = XCVersionGroup;
			children = (
				27E97D7124DD51EC00BE5EC1 /* CoreDataToDo.xcdatamodel */,
			);
			currentVersion = 27E97D7124DD51EC00BE5EC1 /* CoreDataToDo.xcdatamodel */;
			path = CoreDataToDo.xcdatamodeld;
			sourceTree = "<group>";
			versionGroupType = wrapper.xcdatamodel;
		};
/* End XCVersionGroup section */
	};
	rootObject = 27E97D6124DD51EC00BE5EC1 /* Project object */;
}
